// !$*UTF8*$!
{
	archiveVersion = 1;
	classes = {
	};
	objectVersion = 46;
	objects = {

/* Begin PBXBuildFile section */
		8EA455321AE30D94006080E3 /* Entitlements.plist in Resources */ = {isa = PBXBuildFile; fileRef = 8EA455311AE30D94006080E3 /* Entitlements.plist */; };
		8EB36EA11AE1A19800A4BD1D /* Item.m in Sources */ = {isa = PBXBuildFile; fileRef = 8EB36EA01AE1A19800A4BD1D /* Item.m */; };
		8EB36EA71AE1A64800A4BD1D /* Store.m in Sources */ = {isa = PBXBuildFile; fileRef = 8EB36EA61AE1A64800A4BD1D /* Store.m */; };
		8EB36EA91AE1A69E00A4BD1D /* CoreData.framework in Frameworks */ = {isa = PBXBuildFile; fileRef = 8EB36EA81AE1A69E00A4BD1D /* CoreData.framework */; };
		8EB36EAF1AE1B5D200A4BD1D /* FetchedResults.m in Sources */ = {isa = PBXBuildFile; fileRef = 8EB36EAE1AE1B5D200A4BD1D /* FetchedResults.m */; };
		8EB36EB21AE1BA4A00A4BD1D /* TableViewController.m in Sources */ = {isa = PBXBuildFile; fileRef = 8EB36EB11AE1BA4A00A4BD1D /* TableViewController.m */; };
		8EB36EB61AE1D8D300A4BD1D /* SWCell.m in Sources */ = {isa = PBXBuildFile; fileRef = 8EB36EB51AE1D8D300A4BD1D /* SWCell.m */; };
		8EB36EB91AE1FEF500A4BD1D /* TextController.m in Sources */ = {isa = PBXBuildFile; fileRef = 8EB36EB81AE1FEF500A4BD1D /* TextController.m */; };
		8EB36EBD1AE20A5000A4BD1D /* CoreDataManager.m in Sources */ = {isa = PBXBuildFile; fileRef = 8EB36EBC1AE20A5000A4BD1D /* CoreDataManager.m */; };
		8EB36EC01AE21FEE00A4BD1D /* ImageController.m in Sources */ = {isa = PBXBuildFile; fileRef = 8EB36EBF1AE21FEE00A4BD1D /* ImageController.m */; };
		A8AD2E2F1AD5E94000B25186 /* main.m in Sources */ = {isa = PBXBuildFile; fileRef = A8AD2E2E1AD5E94000B25186 /* main.m */; };
		A8AD2E321AD5E94000B25186 /* AppDelegate.m in Sources */ = {isa = PBXBuildFile; fileRef = A8AD2E311AD5E94000B25186 /* AppDelegate.m */; };
		A8AD2E351AD5E94000B25186 /* HW_CoreDataFileSystem.xcdatamodeld in Sources */ = {isa = PBXBuildFile; fileRef = A8AD2E331AD5E94000B25186 /* HW_CoreDataFileSystem.xcdatamodeld */; };
		A8AD2E3B1AD5E94000B25186 /* Main.storyboard in Resources */ = {isa = PBXBuildFile; fileRef = A8AD2E391AD5E94000B25186 /* Main.storyboard */; };
		A8AD2E3D1AD5E94000B25186 /* Images.xcassets in Resources */ = {isa = PBXBuildFile; fileRef = A8AD2E3C1AD5E94000B25186 /* Images.xcassets */; };
		A8AD2E401AD5E94000B25186 /* LaunchScreen.xib in Resources */ = {isa = PBXBuildFile; fileRef = A8AD2E3E1AD5E94000B25186 /* LaunchScreen.xib */; };
		A8AD2E4C1AD5E94000B25186 /* HW_CoreDataFileSystemTests.m in Sources */ = {isa = PBXBuildFile; fileRef = A8AD2E4B1AD5E94000B25186 /* HW_CoreDataFileSystemTests.m */; };
		A8AD2E581AD5E98E00B25186 /* folder.png in Resources */ = {isa = PBXBuildFile; fileRef = A8AD2E551AD5E98E00B25186 /* folder.png */; };
		A8AD2E591AD5E98E00B25186 /* text.png in Resources */ = {isa = PBXBuildFile; fileRef = A8AD2E561AD5E98E00B25186 /* text.png */; };
		A8AD2E5A1AD5E98E00B25186 /* picture.png in Resources */ = {isa = PBXBuildFile; fileRef = A8AD2E571AD5E98E00B25186 /* picture.png */; };
		F0440ED8A265A778CDFD0CCD /* libPods-HW_CoreDataFileSystem.a in Frameworks */ = {isa = PBXBuildFile; fileRef = 11E94AF472718A0139DEF331 /* libPods-HW_CoreDataFileSystem.a */; };
/* End PBXBuildFile section */

/* Begin PBXContainerItemProxy section */
		A8AD2E461AD5E94000B25186 /* PBXContainerItemProxy */ = {
			isa = PBXContainerItemProxy;
			containerPortal = A8AD2E211AD5E94000B25186 /* Project object */;
			proxyType = 1;
			remoteGlobalIDString = A8AD2E281AD5E94000B25186;
			remoteInfo = HW_CoreDataFileSystem;
		};
/* End PBXContainerItemProxy section */

/* Begin PBXFileReference section */
		11E94AF472718A0139DEF331 /* libPods-HW_CoreDataFileSystem.a */ = {isa = PBXFileReference; explicitFileType = archive.ar; includeInIndex = 0; path = "libPods-HW_CoreDataFileSystem.a"; sourceTree = BUILT_PRODUCTS_DIR; };
		1EAF5527C81AB8512EEDD350 /* Pods-HW_CoreDataFileSystem.debug.xcconfig */ = {isa = PBXFileReference; includeInIndex = 1; lastKnownFileType = text.xcconfig; name = "Pods-HW_CoreDataFileSystem.debug.xcconfig"; path = "Pods/Target Support Files/Pods-HW_CoreDataFileSystem/Pods-HW_CoreDataFileSystem.debug.xcconfig"; sourceTree = "<group>"; };
		28712B1B2231FECC0BBB0E08 /* Pods-HW_CoreDataFileSystem.release.xcconfig */ = {isa = PBXFileReference; includeInIndex = 1; lastKnownFileType = text.xcconfig; name = "Pods-HW_CoreDataFileSystem.release.xcconfig"; path = "Pods/Target Support Files/Pods-HW_CoreDataFileSystem/Pods-HW_CoreDataFileSystem.release.xcconfig"; sourceTree = "<group>"; };
		8EA455311AE30D94006080E3 /* Entitlements.plist */ = {isa = PBXFileReference; fileEncoding = 4; lastKnownFileType = text.plist.xml; path = Entitlements.plist; sourceTree = "<group>"; };
		8EB36E9F1AE1A19800A4BD1D /* Item.h */ = {isa = PBXFileReference; fileEncoding = 4; lastKnownFileType = sourcecode.c.h; path = Item.h; sourceTree = "<group>"; };
		8EB36EA01AE1A19800A4BD1D /* Item.m */ = {isa = PBXFileReference; fileEncoding = 4; lastKnownFileType = sourcecode.c.objc; lineEnding = 0; path = Item.m; sourceTree = "<group>"; xcLanguageSpecificationIdentifier = xcode.lang.objc; };
		8EB36EA51AE1A64800A4BD1D /* Store.h */ = {isa = PBXFileReference; fileEncoding = 4; lastKnownFileType = sourcecode.c.h; path = Store.h; sourceTree = "<group>"; };
		8EB36EA61AE1A64800A4BD1D /* Store.m */ = {isa = PBXFileReference; fileEncoding = 4; lastKnownFileType = sourcecode.c.objc; lineEnding = 0; path = Store.m; sourceTree = "<group>"; xcLanguageSpecificationIdentifier = xcode.lang.objc; };
		8EB36EA81AE1A69E00A4BD1D /* CoreData.framework */ = {isa = PBXFileReference; lastKnownFileType = wrapper.framework; name = CoreData.framework; path = System/Library/Frameworks/CoreData.framework; sourceTree = SDKROOT; };
		8EB36EAD1AE1B5D200A4BD1D /* FetchedResults.h */ = {isa = PBXFileReference; fileEncoding = 4; lastKnownFileType = sourcecode.c.h; path = FetchedResults.h; sourceTree = "<group>"; };
		8EB36EAE1AE1B5D200A4BD1D /* FetchedResults.m */ = {isa = PBXFileReference; fileEncoding = 4; lastKnownFileType = sourcecode.c.objc; lineEnding = 0; path = FetchedResults.m; sourceTree = "<group>"; xcLanguageSpecificationIdentifier = xcode.lang.objc; };
		8EB36EB01AE1BA4A00A4BD1D /* TableViewController.h */ = {isa = PBXFileReference; fileEncoding = 4; lastKnownFileType = sourcecode.c.h; path = TableViewController.h; sourceTree = "<group>"; };
		8EB36EB11AE1BA4A00A4BD1D /* TableViewController.m */ = {isa = PBXFileReference; fileEncoding = 4; lastKnownFileType = sourcecode.c.objc; path = TableViewController.m; sourceTree = "<group>"; };
		8EB36EB41AE1D8D300A4BD1D /* SWCell.h */ = {isa = PBXFileReference; fileEncoding = 4; lastKnownFileType = sourcecode.c.h; path = SWCell.h; sourceTree = "<group>"; };
		8EB36EB51AE1D8D300A4BD1D /* SWCell.m */ = {isa = PBXFileReference; fileEncoding = 4; lastKnownFileType = sourcecode.c.objc; path = SWCell.m; sourceTree = "<group>"; };
		8EB36EB71AE1FEF500A4BD1D /* TextController.h */ = {isa = PBXFileReference; fileEncoding = 4; lastKnownFileType = sourcecode.c.h; path = TextController.h; sourceTree = "<group>"; };
		8EB36EB81AE1FEF500A4BD1D /* TextController.m */ = {isa = PBXFileReference; fileEncoding = 4; lastKnownFileType = sourcecode.c.objc; path = TextController.m; sourceTree = "<group>"; };
		8EB36EBA1AE2034D00A4BD1D /* HW_CoreDataFileSystem 2.xcdatamodel */ = {isa = PBXFileReference; lastKnownFileType = wrapper.xcdatamodel; path = "HW_CoreDataFileSystem 2.xcdatamodel"; sourceTree = "<group>"; };
		8EB36EBB1AE20A5000A4BD1D /* CoreDataManager.h */ = {isa = PBXFileReference; fileEncoding = 4; lastKnownFileType = sourcecode.c.h; path = CoreDataManager.h; sourceTree = "<group>"; };
		8EB36EBC1AE20A5000A4BD1D /* CoreDataManager.m */ = {isa = PBXFileReference; fileEncoding = 4; lastKnownFileType = sourcecode.c.objc; path = CoreDataManager.m; sourceTree = "<group>"; };
		8EB36EBE1AE21FEE00A4BD1D /* ImageController.h */ = {isa = PBXFileReference; fileEncoding = 4; lastKnownFileType = sourcecode.c.h; path = ImageController.h; sourceTree = "<group>"; };
		8EB36EBF1AE21FEE00A4BD1D /* ImageController.m */ = {isa = PBXFileReference; fileEncoding = 4; lastKnownFileType = sourcecode.c.objc; path = ImageController.m; sourceTree = "<group>"; };
		A8AD2E291AD5E94000B25186 /* HW_CoreDataFileSystem.app */ = {isa = PBXFileReference; explicitFileType = wrapper.application; includeInIndex = 0; path = HW_CoreDataFileSystem.app; sourceTree = BUILT_PRODUCTS_DIR; };
		A8AD2E2D1AD5E94000B25186 /* Info.plist */ = {isa = PBXFileReference; lastKnownFileType = text.plist.xml; path = Info.plist; sourceTree = "<group>"; };
		A8AD2E2E1AD5E94000B25186 /* main.m */ = {isa = PBXFileReference; lastKnownFileType = sourcecode.c.objc; path = main.m; sourceTree = "<group>"; };
		A8AD2E301AD5E94000B25186 /* AppDelegate.h */ = {isa = PBXFileReference; lastKnownFileType = sourcecode.c.h; path = AppDelegate.h; sourceTree = "<group>"; };
		A8AD2E311AD5E94000B25186 /* AppDelegate.m */ = {isa = PBXFileReference; lastKnownFileType = sourcecode.c.objc; lineEnding = 0; path = AppDelegate.m; sourceTree = "<group>"; xcLanguageSpecificationIdentifier = xcode.lang.objc; };
		A8AD2E341AD5E94000B25186 /* HW_CoreDataFileSystem.xcdatamodel */ = {isa = PBXFileReference; lastKnownFileType = wrapper.xcdatamodel; path = HW_CoreDataFileSystem.xcdatamodel; sourceTree = "<group>"; };
		A8AD2E3A1AD5E94000B25186 /* Base */ = {isa = PBXFileReference; lastKnownFileType = file.storyboard; name = Base; path = Base.lproj/Main.storyboard; sourceTree = "<group>"; };
		A8AD2E3C1AD5E94000B25186 /* Images.xcassets */ = {isa = PBXFileReference; lastKnownFileType = folder.assetcatalog; path = Images.xcassets; sourceTree = "<group>"; };
		A8AD2E3F1AD5E94000B25186 /* Base */ = {isa = PBXFileReference; lastKnownFileType = file.xib; name = Base; path = Base.lproj/LaunchScreen.xib; sourceTree = "<group>"; };
		A8AD2E451AD5E94000B25186 /* HW_CoreDataFileSystemTests.xctest */ = {isa = PBXFileReference; explicitFileType = wrapper.cfbundle; includeInIndex = 0; path = HW_CoreDataFileSystemTests.xctest; sourceTree = BUILT_PRODUCTS_DIR; };
		A8AD2E4A1AD5E94000B25186 /* Info.plist */ = {isa = PBXFileReference; lastKnownFileType = text.plist.xml; path = Info.plist; sourceTree = "<group>"; };
		A8AD2E4B1AD5E94000B25186 /* HW_CoreDataFileSystemTests.m */ = {isa = PBXFileReference; lastKnownFileType = sourcecode.c.objc; path = HW_CoreDataFileSystemTests.m; sourceTree = "<group>"; };
		A8AD2E551AD5E98E00B25186 /* folder.png */ = {isa = PBXFileReference; lastKnownFileType = image.png; path = folder.png; sourceTree = "<group>"; };
		A8AD2E561AD5E98E00B25186 /* text.png */ = {isa = PBXFileReference; lastKnownFileType = image.png; path = text.png; sourceTree = "<group>"; };
		A8AD2E571AD5E98E00B25186 /* picture.png */ = {isa = PBXFileReference; lastKnownFileType = image.png; path = picture.png; sourceTree = "<group>"; };
/* End PBXFileReference section */

/* Begin PBXFrameworksBuildPhase section */
		A8AD2E261AD5E94000B25186 /* Frameworks */ = {
			isa = PBXFrameworksBuildPhase;
			buildActionMask = 2147483647;
			files = (
				8EB36EA91AE1A69E00A4BD1D /* CoreData.framework in Frameworks */,
				F0440ED8A265A778CDFD0CCD /* libPods-HW_CoreDataFileSystem.a in Frameworks */,
			);
			runOnlyForDeploymentPostprocessing = 0;
		};
		A8AD2E421AD5E94000B25186 /* Frameworks */ = {
			isa = PBXFrameworksBuildPhase;
			buildActionMask = 2147483647;
			files = (
			);
			runOnlyForDeploymentPostprocessing = 0;
		};
/* End PBXFrameworksBuildPhase section */

/* Begin PBXGroup section */
		7E9ECB95F76F5F53BE7D63F1 /* Pods */ = {
			isa = PBXGroup;
			children = (
				1EAF5527C81AB8512EEDD350 /* Pods-HW_CoreDataFileSystem.debug.xcconfig */,
				28712B1B2231FECC0BBB0E08 /* Pods-HW_CoreDataFileSystem.release.xcconfig */,
			);
			name = Pods;
			sourceTree = "<group>";
		};
		8EB36EA21AE1A19E00A4BD1D /* Model */ = {
			isa = PBXGroup;
			children = (
				A8AD2E301AD5E94000B25186 /* AppDelegate.h */,
				A8AD2E311AD5E94000B25186 /* AppDelegate.m */,
				8EB36E9F1AE1A19800A4BD1D /* Item.h */,
				8EB36EA01AE1A19800A4BD1D /* Item.m */,
				8EB36EA51AE1A64800A4BD1D /* Store.h */,
				8EB36EA61AE1A64800A4BD1D /* Store.m */,
				8EB36EBB1AE20A5000A4BD1D /* CoreDataManager.h */,
				8EB36EBC1AE20A5000A4BD1D /* CoreDataManager.m */,
				8EB36EAD1AE1B5D200A4BD1D /* FetchedResults.h */,
				8EB36EAE1AE1B5D200A4BD1D /* FetchedResults.m */,
				A8AD2E331AD5E94000B25186 /* HW_CoreDataFileSystem.xcdatamodeld */,
			);
			name = Model;
			sourceTree = "<group>";
		};
		8EB36EA31AE1A1A400A4BD1D /* View */ = {
			isa = PBXGroup;
			children = (
				A8AD2E391AD5E94000B25186 /* Main.storyboard */,
				A8AD2E3E1AD5E94000B25186 /* LaunchScreen.xib */,
				8EB36EB41AE1D8D300A4BD1D /* SWCell.h */,
				8EB36EB51AE1D8D300A4BD1D /* SWCell.m */,
			);
			name = View;
			sourceTree = "<group>";
		};
		8EB36EA41AE1A1A800A4BD1D /* Controller */ = {
			isa = PBXGroup;
			children = (
				8EB36EB01AE1BA4A00A4BD1D /* TableViewController.h */,
				8EB36EB11AE1BA4A00A4BD1D /* TableViewController.m */,
				8EB36EB71AE1FEF500A4BD1D /* TextController.h */,
				8EB36EB81AE1FEF500A4BD1D /* TextController.m */,
				8EB36EBE1AE21FEE00A4BD1D /* ImageController.h */,
				8EB36EBF1AE21FEE00A4BD1D /* ImageController.m */,
			);
			name = Controller;
			sourceTree = "<group>";
		};
		A7A860EFEA39E8EDF4451B0A /* Frameworks */ = {
			isa = PBXGroup;
			children = (
				8EB36EA81AE1A69E00A4BD1D /* CoreData.framework */,
				11E94AF472718A0139DEF331 /* libPods-HW_CoreDataFileSystem.a */,
			);
			name = Frameworks;
			sourceTree = "<group>";
		};
		A8AD2E201AD5E94000B25186 = {
			isa = PBXGroup;
			children = (
				8EA455311AE30D94006080E3 /* Entitlements.plist */,
				A8AD2E2B1AD5E94000B25186 /* HW_CoreDataFileSystem */,
				A8AD2E481AD5E94000B25186 /* HW_CoreDataFileSystemTests */,
				A8AD2E2A1AD5E94000B25186 /* Products */,
				7E9ECB95F76F5F53BE7D63F1 /* Pods */,
				A7A860EFEA39E8EDF4451B0A /* Frameworks */,
			);
			sourceTree = "<group>";
		};
		A8AD2E2A1AD5E94000B25186 /* Products */ = {
			isa = PBXGroup;
			children = (
				A8AD2E291AD5E94000B25186 /* HW_CoreDataFileSystem.app */,
				A8AD2E451AD5E94000B25186 /* HW_CoreDataFileSystemTests.xctest */,
			);
			name = Products;
			sourceTree = "<group>";
		};
		A8AD2E2B1AD5E94000B25186 /* HW_CoreDataFileSystem */ = {
			isa = PBXGroup;
			children = (
				8EB36EA21AE1A19E00A4BD1D /* Model */,
				8EB36EA31AE1A1A400A4BD1D /* View */,
				8EB36EA41AE1A1A800A4BD1D /* Controller */,
				A8AD2E3C1AD5E94000B25186 /* Images.xcassets */,
				A8AD2E2C1AD5E94000B25186 /* Supporting Files */,
			);
			path = HW_CoreDataFileSystem;
			sourceTree = "<group>";
		};
		A8AD2E2C1AD5E94000B25186 /* Supporting Files */ = {
			isa = PBXGroup;
			children = (
				A8AD2E551AD5E98E00B25186 /* folder.png */,
				A8AD2E561AD5E98E00B25186 /* text.png */,
				A8AD2E571AD5E98E00B25186 /* picture.png */,
				A8AD2E2D1AD5E94000B25186 /* Info.plist */,
				A8AD2E2E1AD5E94000B25186 /* main.m */,
			);
			name = "Supporting Files";
			sourceTree = "<group>";
		};
		A8AD2E481AD5E94000B25186 /* HW_CoreDataFileSystemTests */ = {
			isa = PBXGroup;
			children = (
				A8AD2E4B1AD5E94000B25186 /* HW_CoreDataFileSystemTests.m */,
				A8AD2E491AD5E94000B25186 /* Supporting Files */,
			);
			path = HW_CoreDataFileSystemTests;
			sourceTree = "<group>";
		};
		A8AD2E491AD5E94000B25186 /* Supporting Files */ = {
			isa = PBXGroup;
			children = (
				A8AD2E4A1AD5E94000B25186 /* Info.plist */,
			);
			name = "Supporting Files";
			sourceTree = "<group>";
		};
/* End PBXGroup section */

/* Begin PBXNativeTarget section */
		A8AD2E281AD5E94000B25186 /* HW_CoreDataFileSystem */ = {
			isa = PBXNativeTarget;
			buildConfigurationList = A8AD2E4F1AD5E94000B25186 /* Build configuration list for PBXNativeTarget "HW_CoreDataFileSystem" */;
			buildPhases = (
				2673A307970384CF4A7861A4 /* Check Pods Manifest.lock */,
				A8AD2E251AD5E94000B25186 /* Sources */,
				A8AD2E261AD5E94000B25186 /* Frameworks */,
				A8AD2E271AD5E94000B25186 /* Resources */,
				11AC041DB8DADF1F8EC187A4 /* Copy Pods Resources */,
			);
			buildRules = (
			);
			dependencies = (
			);
			name = HW_CoreDataFileSystem;
			productName = HW_CoreDataFileSystem;
			productReference = A8AD2E291AD5E94000B25186 /* HW_CoreDataFileSystem.app */;
			productType = "com.apple.product-type.application";
		};
		A8AD2E441AD5E94000B25186 /* HW_CoreDataFileSystemTests */ = {
			isa = PBXNativeTarget;
			buildConfigurationList = A8AD2E521AD5E94000B25186 /* Build configuration list for PBXNativeTarget "HW_CoreDataFileSystemTests" */;
			buildPhases = (
				A8AD2E411AD5E94000B25186 /* Sources */,
				A8AD2E421AD5E94000B25186 /* Frameworks */,
				A8AD2E431AD5E94000B25186 /* Resources */,
			);
			buildRules = (
			);
			dependencies = (
				A8AD2E471AD5E94000B25186 /* PBXTargetDependency */,
			);
			name = HW_CoreDataFileSystemTests;
			productName = HW_CoreDataFileSystemTests;
			productReference = A8AD2E451AD5E94000B25186 /* HW_CoreDataFileSystemTests.xctest */;
			productType = "com.apple.product-type.bundle.unit-test";
		};
/* End PBXNativeTarget section */

/* Begin PBXProject section */
		A8AD2E211AD5E94000B25186 /* Project object */ = {
			isa = PBXProject;
			attributes = {
				LastUpgradeCheck = 0620;
				ORGANIZATIONNAME = Alexander;
				TargetAttributes = {
					A8AD2E281AD5E94000B25186 = {
						CreatedOnToolsVersion = 6.2;
					};
					A8AD2E441AD5E94000B25186 = {
						CreatedOnToolsVersion = 6.2;
						TestTargetID = A8AD2E281AD5E94000B25186;
					};
				};
			};
			buildConfigurationList = A8AD2E241AD5E94000B25186 /* Build configuration list for PBXProject "HW_CoreDataFileSystem" */;
			compatibilityVersion = "Xcode 3.2";
			developmentRegion = English;
			hasScannedForEncodings = 0;
			knownRegions = (
				en,
				Base,
			);
			mainGroup = A8AD2E201AD5E94000B25186;
			productRefGroup = A8AD2E2A1AD5E94000B25186 /* Products */;
			projectDirPath = "";
			projectRoot = "";
			targets = (
				A8AD2E281AD5E94000B25186 /* HW_CoreDataFileSystem */,
				A8AD2E441AD5E94000B25186 /* HW_CoreDataFileSystemTests */,
			);
		};
/* End PBXProject section */

/* Begin PBXResourcesBuildPhase section */
		A8AD2E271AD5E94000B25186 /* Resources */ = {
			isa = PBXResourcesBuildPhase;
			buildActionMask = 2147483647;
			files = (
				A8AD2E5A1AD5E98E00B25186 /* picture.png in Resources */,
				A8AD2E3B1AD5E94000B25186 /* Main.storyboard in Resources */,
				A8AD2E401AD5E94000B25186 /* LaunchScreen.xib in Resources */,
				A8AD2E3D1AD5E94000B25186 /* Images.xcassets in Resources */,
				8EA455321AE30D94006080E3 /* Entitlements.plist in Resources */,
				A8AD2E591AD5E98E00B25186 /* text.png in Resources */,
				A8AD2E581AD5E98E00B25186 /* folder.png in Resources */,
			);
			runOnlyForDeploymentPostprocessing = 0;
		};
		A8AD2E431AD5E94000B25186 /* Resources */ = {
			isa = PBXResourcesBuildPhase;
			buildActionMask = 2147483647;
			files = (
			);
			runOnlyForDeploymentPostprocessing = 0;
		};
/* End PBXResourcesBuildPhase section */

/* Begin PBXShellScriptBuildPhase section */
		11AC041DB8DADF1F8EC187A4 /* Copy Pods Resources */ = {
			isa = PBXShellScriptBuildPhase;
			buildActionMask = 2147483647;
			files = (
			);
			inputPaths = (
			);
			name = "Copy Pods Resources";
			outputPaths = (
			);
			runOnlyForDeploymentPostprocessing = 0;
			shellPath = /bin/sh;
			shellScript = "\"${SRCROOT}/Pods/Target Support Files/Pods-HW_CoreDataFileSystem/Pods-HW_CoreDataFileSystem-resources.sh\"\n";
			showEnvVarsInLog = 0;
		};
		2673A307970384CF4A7861A4 /* Check Pods Manifest.lock */ = {
			isa = PBXShellScriptBuildPhase;
			buildActionMask = 2147483647;
			files = (
			);
			inputPaths = (
			);
			name = "Check Pods Manifest.lock";
			outputPaths = (
			);
			runOnlyForDeploymentPostprocessing = 0;
			shellPath = /bin/sh;
			shellScript = "diff \"${PODS_ROOT}/../Podfile.lock\" \"${PODS_ROOT}/Manifest.lock\" > /dev/null\nif [[ $? != 0 ]] ; then\n    cat << EOM\nerror: The sandbox is not in sync with the Podfile.lock. Run 'pod install' or update your CocoaPods installation.\nEOM\n    exit 1\nfi\n";
			showEnvVarsInLog = 0;
		};
/* End PBXShellScriptBuildPhase section */

/* Begin PBXSourcesBuildPhase section */
		A8AD2E251AD5E94000B25186 /* Sources */ = {
			isa = PBXSourcesBuildPhase;
			buildActionMask = 2147483647;
			files = (
				8EB36EAF1AE1B5D200A4BD1D /* FetchedResults.m in Sources */,
				8EB36EA11AE1A19800A4BD1D /* Item.m in Sources */,
				A8AD2E321AD5E94000B25186 /* AppDelegate.m in Sources */,
				A8AD2E351AD5E94000B25186 /* HW_CoreDataFileSystem.xcdatamodeld in Sources */,
				8EB36EBD1AE20A5000A4BD1D /* CoreDataManager.m in Sources */,
				8EB36EB61AE1D8D300A4BD1D /* SWCell.m in Sources */,
				8EB36EB91AE1FEF500A4BD1D /* TextController.m in Sources */,
				8EB36EC01AE21FEE00A4BD1D /* ImageController.m in Sources */,
				8EB36EA71AE1A64800A4BD1D /* Store.m in Sources */,
				A8AD2E2F1AD5E94000B25186 /* main.m in Sources */,
				8EB36EB21AE1BA4A00A4BD1D /* TableViewController.m in Sources */,
			);
			runOnlyForDeploymentPostprocessing = 0;
		};
		A8AD2E411AD5E94000B25186 /* Sources */ = {
			isa = PBXSourcesBuildPhase;
			buildActionMask = 2147483647;
			files = (
				A8AD2E4C1AD5E94000B25186 /* HW_CoreDataFileSystemTests.m in Sources */,
			);
			runOnlyForDeploymentPostprocessing = 0;
		};
/* End PBXSourcesBuildPhase section */

/* Begin PBXTargetDependency section */
		A8AD2E471AD5E94000B25186 /* PBXTargetDependency */ = {
			isa = PBXTargetDependency;
			target = A8AD2E281AD5E94000B25186 /* HW_CoreDataFileSystem */;
			targetProxy = A8AD2E461AD5E94000B25186 /* PBXContainerItemProxy */;
		};
/* End PBXTargetDependency section */

/* Begin PBXVariantGroup section */
		A8AD2E391AD5E94000B25186 /* Main.storyboard */ = {
			isa = PBXVariantGroup;
			children = (
				A8AD2E3A1AD5E94000B25186 /* Base */,
			);
			name = Main.storyboard;
			sourceTree = "<group>";
		};
		A8AD2E3E1AD5E94000B25186 /* LaunchScreen.xib */ = {
			isa = PBXVariantGroup;
			children = (
				A8AD2E3F1AD5E94000B25186 /* Base */,
			);
			name = LaunchScreen.xib;
			sourceTree = "<group>";
		};
/* End PBXVariantGroup section */

/* Begin XCBuildConfiguration section */
		A8AD2E4D1AD5E94000B25186 /* Debug */ = {
			isa = XCBuildConfiguration;
			buildSettings = {
				ALWAYS_SEARCH_USER_PATHS = NO;
				CLANG_CXX_LANGUAGE_STANDARD = "gnu++0x";
				CLANG_CXX_LIBRARY = "libc++";
				CLANG_ENABLE_MODULES = YES;
				CLANG_ENABLE_OBJC_ARC = YES;
				CLANG_WARN_BOOL_CONVERSION = YES;
				CLANG_WARN_CONSTANT_CONVERSION = YES;
				CLANG_WARN_DIRECT_OBJC_ISA_USAGE = YES_ERROR;
				CLANG_WARN_EMPTY_BODY = YES;
				CLANG_WARN_ENUM_CONVERSION = YES;
				CLANG_WARN_INT_CONVERSION = YES;
				CLANG_WARN_OBJC_ROOT_CLASS = YES_ERROR;
				CLANG_WARN_UNREACHABLE_CODE = YES;
				CLANG_WARN__DUPLICATE_METHOD_MATCH = YES;
				CODE_SIGN_ENTITLEMENTS = Entitlements.plist;
				CODE_SIGN_IDENTITY = "-";
				"CODE_SIGN_IDENTITY[sdk=iphoneos*]" = "-";
				COPY_PHASE_STRIP = NO;
				ENABLE_STRICT_OBJC_MSGSEND = YES;
				GCC_C_LANGUAGE_STANDARD = gnu99;
				GCC_DYNAMIC_NO_PIC = NO;
				GCC_OPTIMIZATION_LEVEL = 0;
				GCC_PREPROCESSOR_DEFINITIONS = (
					"DEBUG=1",
					"$(inherited)",
				);
				GCC_SYMBOLS_PRIVATE_EXTERN = NO;
				GCC_WARN_64_TO_32_BIT_CONVERSION = YES;
				GCC_WARN_ABOUT_RETURN_TYPE = YES_ERROR;
				GCC_WARN_UNDECLARED_SELECTOR = YES;
				GCC_WARN_UNINITIALIZED_AUTOS = YES_AGGRESSIVE;
				GCC_WARN_UNUSED_FUNCTION = YES;
				GCC_WARN_UNUSED_VARIABLE = YES;
				IPHONEOS_DEPLOYMENT_TARGET = 8.1;
				MTL_ENABLE_DEBUG_INFO = YES;
				ONLY_ACTIVE_ARCH = YES;
				SDKROOT = iphoneos;
			};
			name = Debug;
		};
		A8AD2E4E1AD5E94000B25186 /* Release */ = {
			isa = XCBuildConfiguration;
			buildSettings = {
				ALWAYS_SEARCH_USER_PATHS = NO;
				CLANG_CXX_LANGUAGE_STANDARD = "gnu++0x";
				CLANG_CXX_LIBRARY = "libc++";
				CLANG_ENABLE_MODULES = YES;
				CLANG_ENABLE_OBJC_ARC = YES;
				CLANG_WARN_BOOL_CONVERSION = YES;
				CLANG_WARN_CONSTANT_CONVERSION = YES;
				CLANG_WARN_DIRECT_OBJC_ISA_USAGE = YES_ERROR;
				CLANG_WARN_EMPTY_BODY = YES;
				CLANG_WARN_ENUM_CONVERSION = YES;
				CLANG_WARN_INT_CONVERSION = YES;
				CLANG_WARN_OBJC_ROOT_CLASS = YES_ERROR;
				CLANG_WARN_UNREACHABLE_CODE = YES;
				CLANG_WARN__DUPLICATE_METHOD_MATCH = YES;
				CODE_SIGN_ENTITLEMENTS = Entitlements.plist;
				CODE_SIGN_IDENTITY = "-";
				"CODE_SIGN_IDENTITY[sdk=iphoneos*]" = "-";
				COPY_PHASE_STRIP = NO;
				ENABLE_NS_ASSERTIONS = NO;
				ENABLE_STRICT_OBJC_MSGSEND = YES;
				GCC_C_LANGUAGE_STANDARD = gnu99;
				GCC_WARN_64_TO_32_BIT_CONVERSION = YES;
				GCC_WARN_ABOUT_RETURN_TYPE = YES_ERROR;
				GCC_WARN_UNDECLARED_SELECTOR = YES;
				GCC_WARN_UNINITIALIZED_AUTOS = YES_AGGRESSIVE;
				GCC_WARN_UNUSED_FUNCTION = YES;
				GCC_WARN_UNUSED_VARIABLE = YES;
				IPHONEOS_DEPLOYMENT_TARGET = 8.1;
				MTL_ENABLE_DEBUG_INFO = NO;
				SDKROOT = iphoneos;
				VALIDATE_PRODUCT = YES;
			};
			name = Release;
		};
		A8AD2E501AD5E94000B25186 /* Debug */ = {
			isa = XCBuildConfiguration;
			baseConfigurationReference = 1EAF5527C81AB8512EEDD350 /* Pods-HW_CoreDataFileSystem.debug.xcconfig */;
			buildSettings = {
				ASSETCATALOG_COMPILER_APPICON_NAME = AppIcon;
				INFOPLIST_FILE = HW_CoreDataFileSystem/Info.plist;
				LD_RUNPATH_SEARCH_PATHS = "$(inherited) @executable_path/Frameworks";
				PRODUCT_NAME = "$(TARGET_NAME)";
			};
			name = Debug;
		};
		A8AD2E511AD5E94000B25186 /* Release */ = {
			isa = XCBuildConfiguration;
			baseConfigurationReference = 28712B1B2231FECC0BBB0E08 /* Pods-HW_CoreDataFileSystem.release.xcconfig */;
			buildSettings = {
				ASSETCATALOG_COMPILER_APPICON_NAME = AppIcon;
				INFOPLIST_FILE = HW_CoreDataFileSystem/Info.plist;
				LD_RUNPATH_SEARCH_PATHS = "$(inherited) @executable_path/Frameworks";
				PRODUCT_NAME = "$(TARGET_NAME)";
			};
			name = Release;
		};
		A8AD2E531AD5E94000B25186 /* Debug */ = {
			isa = XCBuildConfiguration;
			buildSettings = {
				BUNDLE_LOADER = "$(TEST_HOST)";
				FRAMEWORK_SEARCH_PATHS = (
					"$(SDKROOT)/Developer/Library/Frameworks",
					"$(inherited)",
				);
				GCC_PREPROCESSOR_DEFINITIONS = (
					"DEBUG=1",
					"$(inherited)",
				);
				INFOPLIST_FILE = HW_CoreDataFileSystemTests/Info.plist;
				LD_RUNPATH_SEARCH_PATHS = "$(inherited) @executable_path/Frameworks @loader_path/Frameworks";
				PRODUCT_NAME = "$(TARGET_NAME)";
				TEST_HOST = "$(BUILT_PRODUCTS_DIR)/HW_CoreDataFileSystem.app/HW_CoreDataFileSystem";
			};
			name = Debug;
		};
		A8AD2E541AD5E94000B25186 /* Release */ = {
			isa = XCBuildConfiguration;
			buildSettings = {
				BUNDLE_LOADER = "$(TEST_HOST)";
				FRAMEWORK_SEARCH_PATHS = (
					"$(SDKROOT)/Developer/Library/Frameworks",
					"$(inherited)",
				);
				INFOPLIST_FILE = HW_CoreDataFileSystemTests/Info.plist;
				LD_RUNPATH_SEARCH_PATHS = "$(inherited) @executable_path/Frameworks @loader_path/Frameworks";
				PRODUCT_NAME = "$(TARGET_NAME)";
				TEST_HOST = "$(BUILT_PRODUCTS_DIR)/HW_CoreDataFileSystem.app/HW_CoreDataFileSystem";
			};
			name = Release;
		};
/* End XCBuildConfiguration section */

/* Begin XCConfigurationList section */
		A8AD2E241AD5E94000B25186 /* Build configuration list for PBXProject "HW_CoreDataFileSystem" */ = {
			isa = XCConfigurationList;
			buildConfigurations = (
				A8AD2E4D1AD5E94000B25186 /* Debug */,
				A8AD2E4E1AD5E94000B25186 /* Release */,
			);
			defaultConfigurationIsVisible = 0;
			defaultConfigurationName = Release;
		};
		A8AD2E4F1AD5E94000B25186 /* Build configuration list for PBXNativeTarget "HW_CoreDataFileSystem" */ = {
			isa = XCConfigurationList;
			buildConfigurations = (
				A8AD2E501AD5E94000B25186 /* Debug */,
				A8AD2E511AD5E94000B25186 /* Release */,
			);
			defaultConfigurationIsVisible = 0;
			defaultConfigurationName = Release;
		};
		A8AD2E521AD5E94000B25186 /* Build configuration list for PBXNativeTarget "HW_CoreDataFileSystemTests" */ = {
			isa = XCConfigurationList;
			buildConfigurations = (
				A8AD2E531AD5E94000B25186 /* Debug */,
				A8AD2E541AD5E94000B25186 /* Release */,
			);
			defaultConfigurationIsVisible = 0;
			defaultConfigurationName = Release;
		};
/* End XCConfigurationList section */

/* Begin XCVersionGroup section */
		A8AD2E331AD5E94000B25186 /* HW_CoreDataFileSystem.xcdatamodeld */ = {
			isa = XCVersionGroup;
			children = (
				8EB36EBA1AE2034D00A4BD1D /* HW_CoreDataFileSystem 2.xcdatamodel */,
				A8AD2E341AD5E94000B25186 /* HW_CoreDataFileSystem.xcdatamodel */,
			);
			currentVersion = A8AD2E341AD5E94000B25186 /* HW_CoreDataFileSystem.xcdatamodel */;
			path = HW_CoreDataFileSystem.xcdatamodeld;
			sourceTree = "<group>";
			versionGroupType = wrapper.xcdatamodel;
		};
/* End XCVersionGroup section */
	};
	rootObject = A8AD2E211AD5E94000B25186 /* Project object */;
}
